// !$*UTF8*$!
{
	archiveVersion = 1;
	classes = {
	};
	objectVersion = 50;
	objects = {

/* Begin PBXBuildFile section */
		E9E873BE20BF4A54005E87BA /* AppDelegate.swift in Sources */ = {isa = PBXBuildFile; fileRef = E9E873BD20BF4A54005E87BA /* AppDelegate.swift */; };
		E9E873C020BF4A54005E87BA /* ViewController.swift in Sources */ = {isa = PBXBuildFile; fileRef = E9E873BF20BF4A54005E87BA /* ViewController.swift */; };
		E9E873C320BF4A54005E87BA /* Main.storyboard in Resources */ = {isa = PBXBuildFile; fileRef = E9E873C120BF4A54005E87BA /* Main.storyboard */; };
		E9E873C520BF4A56005E87BA /* Assets.xcassets in Resources */ = {isa = PBXBuildFile; fileRef = E9E873C420BF4A56005E87BA /* Assets.xcassets */; };
		E9E873C820BF4A56005E87BA /* LaunchScreen.storyboard in Resources */ = {isa = PBXBuildFile; fileRef = E9E873C620BF4A56005E87BA /* LaunchScreen.storyboard */; };
		E9F7EB9820BF720C003CF95A /* AppointmentViewController.swift in Sources */ = {isa = PBXBuildFile; fileRef = E9F7EB9720BF720C003CF95A /* AppointmentViewController.swift */; };
		E9F7EB9A20BF7740003CF95A /* NostalgiaViewOneViewController.swift in Sources */ = {isa = PBXBuildFile; fileRef = E9F7EB9920BF7740003CF95A /* NostalgiaViewOneViewController.swift */; };
		E9F7EB9D20C08B53003CF95A /* MediaPlayer.framework in Frameworks */ = {isa = PBXBuildFile; fileRef = E9F7EB9C20C08B53003CF95A /* MediaPlayer.framework */; };
		E9F7EB9F20C08BA7003CF95A /* SampleViewController.swift in Sources */ = {isa = PBXBuildFile; fileRef = E9F7EB9E20C08BA7003CF95A /* SampleViewController.swift */; };
		E9F7EBA220C09D8F003CF95A /* CustomNostalgicCellTableViewCell.swift in Sources */ = {isa = PBXBuildFile; fileRef = E9F7EBA020C09D8F003CF95A /* CustomNostalgicCellTableViewCell.swift */; };
		E9F7EBA320C09D8F003CF95A /* CustomNostalgicCellTableViewCell.xib in Resources */ = {isa = PBXBuildFile; fileRef = E9F7EBA120C09D8F003CF95A /* CustomNostalgicCellTableViewCell.xib */; };
		E9F7EBA520C09F32003CF95A /* NostalgicAppsTableViewController.swift in Sources */ = {isa = PBXBuildFile; fileRef = E9F7EBA420C09F32003CF95A /* NostalgicAppsTableViewController.swift */; };
		E9F7EBA720C0A1C2003CF95A /* NostalgicAppsTableView.swift in Sources */ = {isa = PBXBuildFile; fileRef = E9F7EBA620C0A1C2003CF95A /* NostalgicAppsTableView.swift */; };
		E9F7EBA920C0A7AD003CF95A /* FeaturedApp.swift in Sources */ = {isa = PBXBuildFile; fileRef = E9F7EBA820C0A7AD003CF95A /* FeaturedApp.swift */; };
/* End PBXBuildFile section */

/* Begin PBXFileReference section */
		E9E873BA20BF4A54005E87BA /* Nostalgic Notifications.app */ = {isa = PBXFileReference; explicitFileType = wrapper.application; includeInIndex = 0; path = "Nostalgic Notifications.app"; sourceTree = BUILT_PRODUCTS_DIR; };
		E9E873BD20BF4A54005E87BA /* AppDelegate.swift */ = {isa = PBXFileReference; lastKnownFileType = sourcecode.swift; path = AppDelegate.swift; sourceTree = "<group>"; };
		E9E873BF20BF4A54005E87BA /* ViewController.swift */ = {isa = PBXFileReference; lastKnownFileType = sourcecode.swift; path = ViewController.swift; sourceTree = "<group>"; };
		E9E873C220BF4A54005E87BA /* Base */ = {isa = PBXFileReference; lastKnownFileType = file.storyboard; name = Base; path = Base.lproj/Main.storyboard; sourceTree = "<group>"; };
		E9E873C420BF4A56005E87BA /* Assets.xcassets */ = {isa = PBXFileReference; lastKnownFileType = folder.assetcatalog; path = Assets.xcassets; sourceTree = "<group>"; };
		E9E873C720BF4A56005E87BA /* Base */ = {isa = PBXFileReference; lastKnownFileType = file.storyboard; name = Base; path = Base.lproj/LaunchScreen.storyboard; sourceTree = "<group>"; };
		E9E873C920BF4A56005E87BA /* Info.plist */ = {isa = PBXFileReference; lastKnownFileType = text.plist.xml; path = Info.plist; sourceTree = "<group>"; };
		E9F7EB9720BF720C003CF95A /* AppointmentViewController.swift */ = {isa = PBXFileReference; lastKnownFileType = sourcecode.swift; path = AppointmentViewController.swift; sourceTree = "<group>"; };
		E9F7EB9920BF7740003CF95A /* NostalgiaViewOneViewController.swift */ = {isa = PBXFileReference; lastKnownFileType = sourcecode.swift; path = NostalgiaViewOneViewController.swift; sourceTree = "<group>"; };
		E9F7EB9C20C08B53003CF95A /* MediaPlayer.framework */ = {isa = PBXFileReference; lastKnownFileType = wrapper.framework; name = MediaPlayer.framework; path = System/Library/Frameworks/MediaPlayer.framework; sourceTree = SDKROOT; };
		E9F7EB9E20C08BA7003CF95A /* SampleViewController.swift */ = {isa = PBXFileReference; lastKnownFileType = sourcecode.swift; path = SampleViewController.swift; sourceTree = "<group>"; };
		E9F7EBA020C09D8F003CF95A /* CustomNostalgicCellTableViewCell.swift */ = {isa = PBXFileReference; lastKnownFileType = sourcecode.swift; path = CustomNostalgicCellTableViewCell.swift; sourceTree = "<group>"; };
		E9F7EBA120C09D8F003CF95A /* CustomNostalgicCellTableViewCell.xib */ = {isa = PBXFileReference; lastKnownFileType = file.xib; path = CustomNostalgicCellTableViewCell.xib; sourceTree = "<group>"; };
		E9F7EBA420C09F32003CF95A /* NostalgicAppsTableViewController.swift */ = {isa = PBXFileReference; lastKnownFileType = sourcecode.swift; path = NostalgicAppsTableViewController.swift; sourceTree = "<group>"; };
		E9F7EBA620C0A1C2003CF95A /* NostalgicAppsTableView.swift */ = {isa = PBXFileReference; lastKnownFileType = sourcecode.swift; path = NostalgicAppsTableView.swift; sourceTree = "<group>"; };
		E9F7EBA820C0A7AD003CF95A /* FeaturedApp.swift */ = {isa = PBXFileReference; lastKnownFileType = sourcecode.swift; path = FeaturedApp.swift; sourceTree = "<group>"; };
/* End PBXFileReference section */

/* Begin PBXFrameworksBuildPhase section */
		E9E873B720BF4A54005E87BA /* Frameworks */ = {
			isa = PBXFrameworksBuildPhase;
			buildActionMask = 2147483647;
			files = (
				E9F7EB9D20C08B53003CF95A /* MediaPlayer.framework in Frameworks */,
			);
			runOnlyForDeploymentPostprocessing = 0;
		};
/* End PBXFrameworksBuildPhase section */

/* Begin PBXGroup section */
		E9E873B120BF4A54005E87BA = {
			isa = PBXGroup;
			children = (
				E9E873BC20BF4A54005E87BA /* Nostalgic Notifications */,
				E9E873BB20BF4A54005E87BA /* Products */,
				E9F7EB9B20C08B53003CF95A /* Frameworks */,
			);
			sourceTree = "<group>";
		};
		E9E873BB20BF4A54005E87BA /* Products */ = {
			isa = PBXGroup;
			children = (
				E9E873BA20BF4A54005E87BA /* Nostalgic Notifications.app */,
			);
			name = Products;
			sourceTree = "<group>";
		};
		E9E873BC20BF4A54005E87BA /* Nostalgic Notifications */ = {
			isa = PBXGroup;
			children = (
				E9E873BD20BF4A54005E87BA /* AppDelegate.swift */,
				E9E873BF20BF4A54005E87BA /* ViewController.swift */,
				E9F7EB9920BF7740003CF95A /* NostalgiaViewOneViewController.swift */,
				E9F7EB9E20C08BA7003CF95A /* SampleViewController.swift */,
				E9F7EBA020C09D8F003CF95A /* CustomNostalgicCellTableViewCell.swift */,
				E9F7EBA120C09D8F003CF95A /* CustomNostalgicCellTableViewCell.xib */,
				E9F7EBA420C09F32003CF95A /* NostalgicAppsTableViewController.swift */,
				E9F7EBA620C0A1C2003CF95A /* NostalgicAppsTableView.swift */,
				E9F7EBA820C0A7AD003CF95A /* FeaturedApp.swift */,
				E9F7EB9720BF720C003CF95A /* AppointmentViewController.swift */,
				E9E873C120BF4A54005E87BA /* Main.storyboard */,
				E9E873C420BF4A56005E87BA /* Assets.xcassets */,
				E9E873C620BF4A56005E87BA /* LaunchScreen.storyboard */,
				E9E873C920BF4A56005E87BA /* Info.plist */,
			);
			path = "Nostalgic Notifications";
			sourceTree = "<group>";
		};
		E9F7EB9B20C08B53003CF95A /* Frameworks */ = {
			isa = PBXGroup;
			children = (
				E9F7EB9C20C08B53003CF95A /* MediaPlayer.framework */,
			);
			name = Frameworks;
			sourceTree = "<group>";
		};
/* End PBXGroup section */

/* Begin PBXNativeTarget section */
		E9E873B920BF4A54005E87BA /* Nostalgic Notifications */ = {
			isa = PBXNativeTarget;
			buildConfigurationList = E9E873CC20BF4A56005E87BA /* Build configuration list for PBXNativeTarget "Nostalgic Notifications" */;
			buildPhases = (
				E9E873B620BF4A54005E87BA /* Sources */,
				E9E873B720BF4A54005E87BA /* Frameworks */,
				E9E873B820BF4A54005E87BA /* Resources */,
			);
			buildRules = (
			);
			dependencies = (
			);
			name = "Nostalgic Notifications";
			productName = "Nostalgic Notifications";
			productReference = E9E873BA20BF4A54005E87BA /* Nostalgic Notifications.app */;
			productType = "com.apple.product-type.application";
		};
/* End PBXNativeTarget section */

/* Begin PBXProject section */
		E9E873B220BF4A54005E87BA /* Project object */ = {
			isa = PBXProject;
			attributes = {
				LastSwiftUpdateCheck = 0930;
				LastUpgradeCheck = 0930;
				ORGANIZATIONNAME = "Cosmic Arrows, LLC";
				TargetAttributes = {
					E9E873B920BF4A54005E87BA = {
						CreatedOnToolsVersion = 9.3.1;
					};
				};
			};
			buildConfigurationList = E9E873B520BF4A54005E87BA /* Build configuration list for PBXProject "Nostalgic Notifications" */;
			compatibilityVersion = "Xcode 9.3";
			developmentRegion = en;
			hasScannedForEncodings = 0;
			knownRegions = (
				en,
				Base,
			);
			mainGroup = E9E873B120BF4A54005E87BA;
			productRefGroup = E9E873BB20BF4A54005E87BA /* Products */;
			projectDirPath = "";
			projectRoot = "";
			targets = (
				E9E873B920BF4A54005E87BA /* Nostalgic Notifications */,
			);
		};
/* End PBXProject section */

/* Begin PBXResourcesBuildPhase section */
		E9E873B820BF4A54005E87BA /* Resources */ = {
			isa = PBXResourcesBuildPhase;
			buildActionMask = 2147483647;
			files = (
				E9E873C820BF4A56005E87BA /* LaunchScreen.storyboard in Resources */,
				E9E873C520BF4A56005E87BA /* Assets.xcassets in Resources */,
				E9E873C320BF4A54005E87BA /* Main.storyboard in Resources */,
				E9F7EBA320C09D8F003CF95A /* CustomNostalgicCellTableViewCell.xib in Resources */,
			);
			runOnlyForDeploymentPostprocessing = 0;
		};
/* End PBXResourcesBuildPhase section */

/* Begin PBXSourcesBuildPhase section */
		E9E873B620BF4A54005E87BA /* Sources */ = {
			isa = PBXSourcesBuildPhase;
			buildActionMask = 2147483647;
			files = (
				E9F7EBA920C0A7AD003CF95A /* FeaturedApp.swift in Sources */,
				E9F7EB9F20C08BA7003CF95A /* SampleViewController.swift in Sources */,
				E9F7EB9820BF720C003CF95A /* AppointmentViewController.swift in Sources */,
				E9F7EBA720C0A1C2003CF95A /* NostalgicAppsTableView.swift in Sources */,
				E9F7EB9A20BF7740003CF95A /* NostalgiaViewOneViewController.swift in Sources */,
				E9F7EBA220C09D8F003CF95A /* CustomNostalgicCellTableViewCell.swift in Sources */,
				E9E873C020BF4A54005E87BA /* ViewController.swift in Sources */,
				E9E873BE20BF4A54005E87BA /* AppDelegate.swift in Sources */,
				E9F7EBA520C09F32003CF95A /* NostalgicAppsTableViewController.swift in Sources */,
			);
			runOnlyForDeploymentPostprocessing = 0;
		};
/* End PBXSourcesBuildPhase section */

/* Begin PBXVariantGroup section */
		E9E873C120BF4A54005E87BA /* Main.storyboard */ = {
			isa = PBXVariantGroup;
			children = (
				E9E873C220BF4A54005E87BA /* Base */,
			);
			name = Main.storyboard;
			sourceTree = "<group>";
		};
		E9E873C620BF4A56005E87BA /* LaunchScreen.storyboard */ = {
			isa = PBXVariantGroup;
			children = (
				E9E873C720BF4A56005E87BA /* Base */,
			);
			name = LaunchScreen.storyboard;
			sourceTree = "<group>";
		};
/* End PBXVariantGroup section */

/* Begin XCBuildConfiguration section */
		E9E873CA20BF4A56005E87BA /* Debug */ = {
			isa = XCBuildConfiguration;
			buildSettings = {
				ALWAYS_SEARCH_USER_PATHS = NO;
				CLANG_ANALYZER_NONNULL = YES;
				CLANG_ANALYZER_NUMBER_OBJECT_CONVERSION = YES_AGGRESSIVE;
				CLANG_CXX_LANGUAGE_STANDARD = "gnu++14";
				CLANG_CXX_LIBRARY = "libc++";
				CLANG_ENABLE_MODULES = YES;
				CLANG_ENABLE_OBJC_ARC = YES;
				CLANG_ENABLE_OBJC_WEAK = YES;
				CLANG_WARN_BLOCK_CAPTURE_AUTORELEASING = YES;
				CLANG_WARN_BOOL_CONVERSION = YES;
				CLANG_WARN_COMMA = YES;
				CLANG_WARN_CONSTANT_CONVERSION = YES;
				CLANG_WARN_DEPRECATED_OBJC_IMPLEMENTATIONS = YES;
				CLANG_WARN_DIRECT_OBJC_ISA_USAGE = YES_ERROR;
				CLANG_WARN_DOCUMENTATION_COMMENTS = YES;
				CLANG_WARN_EMPTY_BODY = YES;
				CLANG_WARN_ENUM_CONVERSION = YES;
				CLANG_WARN_INFINITE_RECURSION = YES;
				CLANG_WARN_INT_CONVERSION = YES;
				CLANG_WARN_NON_LITERAL_NULL_CONVERSION = YES;
				CLANG_WARN_OBJC_IMPLICIT_RETAIN_SELF = YES;
				CLANG_WARN_OBJC_LITERAL_CONVERSION = YES;
				CLANG_WARN_OBJC_ROOT_CLASS = YES_ERROR;
				CLANG_WARN_RANGE_LOOP_ANALYSIS = YES;
				CLANG_WARN_STRICT_PROTOTYPES = YES;
				CLANG_WARN_SUSPICIOUS_MOVE = YES;
				CLANG_WARN_UNGUARDED_AVAILABILITY = YES_AGGRESSIVE;
				CLANG_WARN_UNREACHABLE_CODE = YES;
				CLANG_WARN__DUPLICATE_METHOD_MATCH = YES;
				CODE_SIGN_IDENTITY = "iPhone Developer";
				COPY_PHASE_STRIP = NO;
				DEBUG_INFORMATION_FORMAT = dwarf;
				ENABLE_STRICT_OBJC_MSGSEND = YES;
				ENABLE_TESTABILITY = YES;
				GCC_C_LANGUAGE_STANDARD = gnu11;
				GCC_DYNAMIC_NO_PIC = NO;
				GCC_NO_COMMON_BLOCKS = YES;
				GCC_OPTIMIZATION_LEVEL = 0;
				GCC_PREPROCESSOR_DEFINITIONS = (
					"DEBUG=1",
					"$(inherited)",
				);
				GCC_WARN_64_TO_32_BIT_CONVERSION = YES;
				GCC_WARN_ABOUT_RETURN_TYPE = YES_ERROR;
				GCC_WARN_UNDECLARED_SELECTOR = YES;
				GCC_WARN_UNINITIALIZED_AUTOS = YES_AGGRESSIVE;
				GCC_WARN_UNUSED_FUNCTION = YES;
				GCC_WARN_UNUSED_VARIABLE = YES;
				IPHONEOS_DEPLOYMENT_TARGET = 11.3;
				MTL_ENABLE_DEBUG_INFO = YES;
				ONLY_ACTIVE_ARCH = YES;
				SDKROOT = iphoneos;
				SWIFT_ACTIVE_COMPILATION_CONDITIONS = DEBUG;
				SWIFT_OPTIMIZATION_LEVEL = "-Onone";
			};
			name = Debug;
		};
		E9E873CB20BF4A56005E87BA /* Release */ = {
			isa = XCBuildConfiguration;
			buildSettings = {
				ALWAYS_SEARCH_USER_PATHS = NO;
				CLANG_ANALYZER_NONNULL = YES;
				CLANG_ANALYZER_NUMBER_OBJECT_CONVERSION = YES_AGGRESSIVE;
				CLANG_CXX_LANGUAGE_STANDARD = "gnu++14";
				CLANG_CXX_LIBRARY = "libc++";
				CLANG_ENABLE_MODULES = YES;
				CLANG_ENABLE_OBJC_ARC = YES;
				CLANG_ENABLE_OBJC_WEAK = YES;
				CLANG_WARN_BLOCK_CAPTURE_AUTORELEASING = YES;
				CLANG_WARN_BOOL_CONVERSION = YES;
				CLANG_WARN_COMMA = YES;
				CLANG_WARN_CONSTANT_CONVERSION = YES;
				CLANG_WARN_DEPRECATED_OBJC_IMPLEMENTATIONS = YES;
				CLANG_WARN_DIRECT_OBJC_ISA_USAGE = YES_ERROR;
				CLANG_WARN_DOCUMENTATION_COMMENTS = YES;
				CLANG_WARN_EMPTY_BODY = YES;
				CLANG_WARN_ENUM_CONVERSION = YES;
				CLANG_WARN_INFINITE_RECURSION = YES;
				CLANG_WARN_INT_CONVERSION = YES;
				CLANG_WARN_NON_LITERAL_NULL_CONVERSION = YES;
				CLANG_WARN_OBJC_IMPLICIT_RETAIN_SELF = YES;
				CLANG_WARN_OBJC_LITERAL_CONVERSION = YES;
				CLANG_WARN_OBJC_ROOT_CLASS = YES_ERROR;
				CLANG_WARN_RANGE_LOOP_ANALYSIS = YES;
				CLANG_WARN_STRICT_PROTOTYPES = YES;
				CLANG_WARN_SUSPICIOUS_MOVE = YES;
				CLANG_WARN_UNGUARDED_AVAILABILITY = YES_AGGRESSIVE;
				CLANG_WARN_UNREACHABLE_CODE = YES;
				CLANG_WARN__DUPLICATE_METHOD_MATCH = YES;
				CODE_SIGN_IDENTITY = "iPhone Developer";
				COPY_PHASE_STRIP = NO;
				DEBUG_INFORMATION_FORMAT = "dwarf-with-dsym";
				ENABLE_NS_ASSERTIONS = NO;
				ENABLE_STRICT_OBJC_MSGSEND = YES;
				GCC_C_LANGUAGE_STANDARD = gnu11;
				GCC_NO_COMMON_BLOCKS = YES;
				GCC_WARN_64_TO_32_BIT_CONVERSION = YES;
				GCC_WARN_ABOUT_RETURN_TYPE = YES_ERROR;
				GCC_WARN_UNDECLARED_SELECTOR = YES;
				GCC_WARN_UNINITIALIZED_AUTOS = YES_AGGRESSIVE;
				GCC_WARN_UNUSED_FUNCTION = YES;
				GCC_WARN_UNUSED_VARIABLE = YES;
				IPHONEOS_DEPLOYMENT_TARGET = 11.3;
				MTL_ENABLE_DEBUG_INFO = NO;
				SDKROOT = iphoneos;
				SWIFT_COMPILATION_MODE = wholemodule;
				SWIFT_OPTIMIZATION_LEVEL = "-O";
				VALIDATE_PRODUCT = YES;
			};
			name = Release;
		};
		E9E873CD20BF4A56005E87BA /* Debug */ = {
			isa = XCBuildConfiguration;
			buildSettings = {
				ASSETCATALOG_COMPILER_APPICON_NAME = AppIcon;
				CODE_SIGN_STYLE = Automatic;
				DEVELOPMENT_TEAM = P7XKP3B2C9;
				INFOPLIST_FILE = "Nostalgic Notifications/Info.plist";
				LD_RUNPATH_SEARCH_PATHS = (
					"$(inherited)",
					"@executable_path/Frameworks",
				);
				PRODUCT_BUNDLE_IDENTIFIER = "com.cosmicarrows.Nostalgic-Notifications";
				PRODUCT_NAME = "$(TARGET_NAME)";
				SWIFT_VERSION = 4.0;
				TARGETED_DEVICE_FAMILY = "1,2";
			};
			name = Debug;
		};
		E9E873CE20BF4A56005E87BA /* Release */ = {
			isa = XCBuildConfiguration;
			buildSettings = {
				ASSETCATALOG_COMPILER_APPICON_NAME = AppIcon;
				CODE_SIGN_STYLE = Automatic;
				DEVELOPMENT_TEAM = P7XKP3B2C9;
				INFOPLIST_FILE = "Nostalgic Notifications/Info.plist";
				LD_RUNPATH_SEARCH_PATHS = (
					"$(inherited)",
					"@executable_path/Frameworks",
				);
				PRODUCT_BUNDLE_IDENTIFIER = "com.cosmicarrows.Nostalgic-Notifications";
				PRODUCT_NAME = "$(TARGET_NAME)";
				SWIFT_VERSION = 4.0;
				TARGETED_DEVICE_FAMILY = "1,2";
			};
			name = Release;
		};
/* End XCBuildConfiguration section */

/* Begin XCConfigurationList section */
		E9E873B520BF4A54005E87BA /* Build configuration list for PBXProject "Nostalgic Notifications" */ = {
			isa = XCConfigurationList;
			buildConfigurations = (
				E9E873CA20BF4A56005E87BA /* Debug */,
				E9E873CB20BF4A56005E87BA /* Release */,
			);
			defaultConfigurationIsVisible = 0;
			defaultConfigurationName = Release;
		};
		E9E873CC20BF4A56005E87BA /* Build configuration list for PBXNativeTarget "Nostalgic Notifications" */ = {
			isa = XCConfigurationList;
			buildConfigurations = (
				E9E873CD20BF4A56005E87BA /* Debug */,
				E9E873CE20BF4A56005E87BA /* Release */,
			);
			defaultConfigurationIsVisible = 0;
			defaultConfigurationName = Release;
		};
/* End XCConfigurationList section */
	};
	rootObject = E9E873B220BF4A54005E87BA /* Project object */;
}
